
Microsoft Visual Studio Solution File, Format Version 12.00
# Visual Studio Version 16
VisualStudioVersion = 16.0.28922.388
MinimumVisualStudioVersion = 10.0.40219.1
Project("{9A19103F-16F7-4668-BE54-9A1E7A4F7556}") = "PolygonTest", "PolygonTest.csproj", "{C1ED0160-00B4-490A-878C-9CA280DEE399}"
EndProject
Project("{9A19103F-16F7-4668-BE54-9A1E7A4F7556}") = "PolyArea", "..\PolyArea\PolyArea.csproj", "{C46DFDCB-7AF6-43F9-BD9E-36FA16D968B8}"
EndProject
Global
	GlobalSection(SolutionConfigurationPlatforms) = preSolution
		Debug|Any CPU = Debug|Any CPU
		Release|Any CPU = Release|Any CPU
	EndGlobalSection
	GlobalSection(ProjectConfigurationPlatforms) = postSolution
		{C1ED0160-00B4-490A-878C-9CA280DEE399}.Debug|Any CPU.ActiveCfg = Debug|Any CPU
		{C1ED0160-00B4-490A-878C-9CA280DEE399}.Debug|Any CPU.Build.0 = Debug|Any CPU
		{C1ED0160-00B4-490A-878C-9CA280DEE399}.Release|Any CPU.ActiveCfg = Release|Any CPU
		{C1ED0160-00B4-490A-878C-9CA280DEE399}.Release|Any CPU.Build.0 = Release|Any CPU
		{C46DFDCB-7AF6-43F9-BD9E-36FA16D968B8}.Debug|Any CPU.ActiveCfg = Debug|Any CPU
		{C46DFDCB-7AF6-43F9-BD9E-36FA16D968B8}.Debug|Any CPU.Build.0 = Debug|Any CPU
		{C46DFDCB-7AF6-43F9-BD9E-36FA16D968B8}.Release|Any CPU.ActiveCfg = Release|Any CPU
		{C46DFDCB-7AF6-43F9-BD9E-36FA16D968B8}.Release|Any CPU.Build.0 = Release|Any CPU
	EndGlobalSection
	GlobalSection(SolutionProperties) = preSolution
		HideSolutionNode = FALSE
	EndGlobalSection
	GlobalSection(ExtensibilityGlobals) = postSolution
		SolutionGuid = {F6389C02-DC15-4AF6-8860-0E6A9E327AE5}
	EndGlobalSection
EndGlobal
